<?xml version="1.0" encoding="utf-8"?>
<Project ToolsVersion="4.0" xmlns="http://schemas.microsoft.com/developer/msbuild/2003">
  <ItemGroup>
    <Filter Include="Source Files">
      <UniqueIdentifier>{a9d10b61-1d55-4b79-a1ba-dd1a945a251a}</UniqueIdentifier>
      <Extensions>cpp;c;cxx;rc;def;r;odl;idl;hpj;bat</Extensions>
    </Filter>
    <Filter Include="Header Files">
      <UniqueIdentifier>{9c256c2d-face-4773-ad39-4ee34bbf50f1}</UniqueIdentifier>
      <Extensions>h;hpp;hxx;hm;inl</Extensions>
    </Filter>
    <Filter Include="Resource Files">
      <UniqueIdentifier>{b39934e8-dd1d-460b-8357-ee6b4eab347d}</UniqueIdentifier>
      <Extensions>ico;cur;bmp;dlg;rc2;rct;bin;rgs;gif;jpg;jpeg;jpe</Extensions>
    </Filter>
    <Filter Include="Header Files\DockWindow">
      <UniqueIdentifier>{bec25060-c658-4db4-8db6-a5ce42c41402}</UniqueIdentifier>
    </Filter>
  </ItemGroup>
  <ItemGroup>
    <ClCompile Include="MDIExSample.cpp">
      <Filter>Source Files</Filter>
    </ClCompile>
    <ClCompile Include="stdafx.cpp">
      <Filter>Source Files</Filter>
    </ClCompile>
  </ItemGroup>
  <ItemGroup>
    <ClInclude Include="aboutdlg.h">
      <Filter>Header Files</Filter>
    </ClInclude>
    <ClInclude Include="ChildFrm.h">
      <Filter>Header Files</Filter>
    </ClInclude>
    <ClInclude Include="mainfrm.h">
      <Filter>Header Files</Filter>
    </ClInclude>
    <ClInclude Include="MDIExSampleview.h">
      <Filter>Header Files</Filter>
    </ClInclude>
    <ClInclude Include="resource.h">
      <Filter>Header Files</Filter>
    </ClInclude>
    <ClInclude Include="stdafx.h">
      <Filter>Header Files</Filter>
    </ClInclude>
    <ClInclude Include="FoldersDockingWindow.h">
      <Filter>Header Files\DockWindow</Filter>
    </ClInclude>
    <ClInclude Include="ColorPanelDockWindow.h">
      <Filter>Header Files\DockWindow</Filter>
    </ClInclude>
  </ItemGroup>
  <ItemGroup>
    <Image Include="res\dummybmp.bmp">
      <Filter>Resource Files</Filter>
    </Image>
    <Image Include="res\icon1.ico">
      <Filter>Resource Files</Filter>
    </Image>
    <Image Include="res\icon2.ico">
      <Filter>Resource Files</Filter>
    </Image>
    <Image Include="res\icon3.ico">
      <Filter>Resource Files</Filter>
    </Image>
    <Image Include="res\MDIExSample.ico">
      <Filter>Resource Files</Filter>
    </Image>
    <Image Include="res\MDIExSampledoc.ico">
      <Filter>Resource Files</Filter>
    </Image>
    <Image Include="res\Output.ico">
      <Filter>Resource Files</Filter>
    </Image>
    <Image Include="res\TaskList.ico">
      <Filter>Resource Files</Filter>
    </Image>
    <Image Include="res\toolbar.bmp">
      <Filter>Resource Files</Filter>
    </Image>
  </ItemGroup>
  <ItemGroup>
    <ResourceCompile Include="MDIExSample.rc">
      <Filter>Resource Files</Filter>
    </ResourceCompile>
  </ItemGroup>
</Project>